
Microsoft Visual Studio Solution File, Format Version 12.00
# Visual Studio Version 17
VisualStudioVersion = 10.0.40219.1
MinimumVisualStudioVersion = 10.0.40219.1
Project("{FAE04EC0-301F-11D3-BF4B-00C04F79EFBC}") = "StockManagement", "StockManagement\StockManagement.csproj", "{9B6660F2-69C0-45C6-A787-8BEF07E8CCFC}"
EndProject
Project("{2150E333-8FDC-42A3-9474-1A3956D46DE8}") = "Tests", "Tests", "{EB467FDF-CCBB-4B70-833B-D6F0D482DD3A}"
EndProject
Project("{FAE04EC0-301F-11D3-BF4B-00C04F79EFBC}") = "StockManagement.Test", "StockManagement.Test\StockManagement.Test.csproj", "{3CB0B756-D37C-4A54-A3B0-462C1066A3A7}"
EndProject
Global
	GlobalSection(SolutionConfigurationPlatforms) = preSolution
		Debug|Any CPU = Debug|Any CPU
		Release|Any CPU = Release|Any CPU
	EndGlobalSection
	GlobalSection(ProjectConfigurationPlatforms) = postSolution
		{9B6660F2-69C0-45C6-A787-8BEF07E8CCFC}.Debug|Any CPU.ActiveCfg = Debug|Any CPU
		{9B6660F2-69C0-45C6-A787-8BEF07E8CCFC}.Debug|Any CPU.Build.0 = Debug|Any CPU
		{9B6660F2-69C0-45C6-A787-8BEF07E8CCFC}.Release|Any CPU.ActiveCfg = Release|Any CPU
		{9B6660F2-69C0-45C6-A787-8BEF07E8CCFC}.Release|Any CPU.Build.0 = Release|Any CPU
		{3CB0B756-D37C-4A54-A3B0-462C1066A3A7}.Debug|Any CPU.ActiveCfg = Debug|Any CPU
		{3CB0B756-D37C-4A54-A3B0-462C1066A3A7}.Debug|Any CPU.Build.0 = Debug|Any CPU
		{3CB0B756-D37C-4A54-A3B0-462C1066A3A7}.Release|Any CPU.ActiveCfg = Release|Any CPU
		{3CB0B756-D37C-4A54-A3B0-462C1066A3A7}.Release|Any CPU.Build.0 = Release|Any CPU
	EndGlobalSection
	GlobalSection(SolutionProperties) = preSolution
		HideSolutionNode = FALSE
	EndGlobalSection
	GlobalSection(NestedProjects) = preSolution
		{3CB0B756-D37C-4A54-A3B0-462C1066A3A7} = {EB467FDF-CCBB-4B70-833B-D6F0D482DD3A}
	EndGlobalSection
EndGlobal
